
Microsoft Visual Studio Solution File, Format Version 12.00
# Visual Studio Version 17
VisualStudioVersion = 17.11.35208.52
MinimumVisualStudioVersion = 10.0.40219.1
Project("{FAE04EC0-301F-11D3-BF4B-00C04F79EFBC}") = "BatFormatter", "BatFormatter.csproj", "{0351665B-9FE8-47C7-9E1F-5C0EE446CD30}"
EndProject
Global
	GlobalSection(SolutionConfigurationPlatforms) = preSolution
		Debug|Any CPU = Debug|Any CPU
		Release|Any CPU = Release|Any CPU
	EndGlobalSection
	GlobalSection(ProjectConfigurationPlatforms) = postSolution
		{0351665B-9FE8-47C7-9E1F-5C0EE446CD30}.Debug|Any CPU.ActiveCfg = Debug|Any CPU
		{0351665B-9FE8-47C7-9E1F-5C0EE446CD30}.Debug|Any CPU.Build.0 = Debug|Any CPU
		{0351665B-9FE8-47C7-9E1F-5C0EE446CD30}.Release|Any CPU.ActiveCfg = Release|Any CPU
		{0351665B-9FE8-47C7-9E1F-5C0EE446CD30}.Release|Any CPU.Build.0 = Release|Any CPU
	EndGlobalSection
	GlobalSection(SolutionProperties) = preSolution
		HideSolutionNode = FALSE
	EndGlobalSection
	GlobalSection(ExtensibilityGlobals) = postSolution
		SolutionGuid = {6896BE91-6CF5-47D1-B6FC-06231F0FF07D}
	EndGlobalSection
EndGlobal
